
Microsoft Visual Studio Solution File, Format Version 12.00
# Visual Studio Version 17
VisualStudioVersion = 17.8.34408.163
MinimumVisualStudioVersion = 10.0.40219.1
Project("{FAE04EC0-301F-11D3-BF4B-00C04F79EFBC}") = "UtilityLibrary", "UtilityLibrary\UtilityLibrary.csproj", "{6E079212-B924-4C23-80F3-94758D0A008E}"
EndProject
Project("{FAE04EC0-301F-11D3-BF4B-00C04F79EFBC}") = "UtilityLibrary.Test", "UtilityLibrary.Test\UtilityLibrary.Test.csproj", "{82EEA08B-FA3A-470C-960F-EF6379ED8B67}"
EndProject
Global
	GlobalSection(SolutionConfigurationPlatforms) = preSolution
		Debug|Any CPU = Debug|Any CPU
		Release|Any CPU = Release|Any CPU
	EndGlobalSection
	GlobalSection(ProjectConfigurationPlatforms) = postSolution
		{6E079212-B924-4C23-80F3-94758D0A008E}.Debug|Any CPU.ActiveCfg = Debug|Any CPU
		{6E079212-B924-4C23-80F3-94758D0A008E}.Debug|Any CPU.Build.0 = Debug|Any CPU
		{6E079212-B924-4C23-80F3-94758D0A008E}.Release|Any CPU.ActiveCfg = Release|Any CPU
		{6E079212-B924-4C23-80F3-94758D0A008E}.Release|Any CPU.Build.0 = Release|Any CPU
		{82EEA08B-FA3A-470C-960F-EF6379ED8B67}.Debug|Any CPU.ActiveCfg = Debug|Any CPU
		{82EEA08B-FA3A-470C-960F-EF6379ED8B67}.Debug|Any CPU.Build.0 = Debug|Any CPU
		{82EEA08B-FA3A-470C-960F-EF6379ED8B67}.Release|Any CPU.ActiveCfg = Release|Any CPU
		{82EEA08B-FA3A-470C-960F-EF6379ED8B67}.Release|Any CPU.Build.0 = Release|Any CPU
	EndGlobalSection
	GlobalSection(SolutionProperties) = preSolution
		HideSolutionNode = FALSE
	EndGlobalSection
	GlobalSection(ExtensibilityGlobals) = postSolution
		SolutionGuid = {6508959C-E44D-4A12-996D-8E75725EBC8C}
	EndGlobalSection
EndGlobal
